// !$*UTF8*$!
{
	archiveVersion = 1;
	classes = {
	};
	objectVersion = 46;
	objects = {

/* Begin PBXBuildFile section */
		180DF06BB66A7CC7AD13EEC7 /* Pods_Fitness_ChallengeTests.framework in Frameworks */ = {isa = PBXBuildFile; fileRef = D84008AE258EC65C2B643795 /* Pods_Fitness_ChallengeTests.framework */; };
		850DAB214F95AE076BD8D42B /* Pods_Fitness_ChallengeUITests.framework in Frameworks */ = {isa = PBXBuildFile; fileRef = E0802A4D30EFE67354FD8D42 /* Pods_Fitness_ChallengeUITests.framework */; };
		BA05DAFC1BCE156D003F64AA /* ErrorView.swift in Sources */ = {isa = PBXBuildFile; fileRef = BA05DAFB1BCE156D003F64AA /* ErrorView.swift */; };
		BA05DAFF1BCE15DA003F64AA /* LoadingView.swift in Sources */ = {isa = PBXBuildFile; fileRef = BA05DAFE1BCE15DA003F64AA /* LoadingView.swift */; };
		BA63E2621BCCC28600DD59F4 /* LogModel.swift in Sources */ = {isa = PBXBuildFile; fileRef = BA63E2611BCCC28600DD59F4 /* LogModel.swift */; };
		BAAB85351BC66DB5000D0DB1 /* AppDelegate.swift in Sources */ = {isa = PBXBuildFile; fileRef = BAAB85341BC66DB5000D0DB1 /* AppDelegate.swift */; };
		BAAB85371BC66DB5000D0DB1 /* ViewController.swift in Sources */ = {isa = PBXBuildFile; fileRef = BAAB85361BC66DB5000D0DB1 /* ViewController.swift */; };
		BAAB853A1BC66DB5000D0DB1 /* Main.storyboard in Resources */ = {isa = PBXBuildFile; fileRef = BAAB85381BC66DB5000D0DB1 /* Main.storyboard */; };
		BAAB853C1BC66DB5000D0DB1 /* Assets.xcassets in Resources */ = {isa = PBXBuildFile; fileRef = BAAB853B1BC66DB5000D0DB1 /* Assets.xcassets */; };
		BAAB853F1BC66DB5000D0DB1 /* LaunchScreen.storyboard in Resources */ = {isa = PBXBuildFile; fileRef = BAAB853D1BC66DB5000D0DB1 /* LaunchScreen.storyboard */; };
		BAAB854A1BC66DB5000D0DB1 /* Fitness_ChallengeTests.swift in Sources */ = {isa = PBXBuildFile; fileRef = BAAB85491BC66DB5000D0DB1 /* Fitness_ChallengeTests.swift */; };
		BAAB85551BC66DB5000D0DB1 /* Fitness_ChallengeUITests.swift in Sources */ = {isa = PBXBuildFile; fileRef = BAAB85541BC66DB5000D0DB1 /* Fitness_ChallengeUITests.swift */; };
		BAAB856F1BC67500000D0DB1 /* AppearanceController.swift in Sources */ = {isa = PBXBuildFile; fileRef = BAAB856E1BC67500000D0DB1 /* AppearanceController.swift */; };
		BAAB85761BC67601000D0DB1 /* ActivityNavController.swift in Sources */ = {isa = PBXBuildFile; fileRef = BAAB85751BC67601000D0DB1 /* ActivityNavController.swift */; };
		BAAB85781BC68D43000D0DB1 /* ActivityViewController.swift in Sources */ = {isa = PBXBuildFile; fileRef = BAAB85771BC68D43000D0DB1 /* ActivityViewController.swift */; };
		BAAB857A1BC737E8000D0DB1 /* ActivityModel.swift in Sources */ = {isa = PBXBuildFile; fileRef = BAAB85791BC737E8000D0DB1 /* ActivityModel.swift */; };
		E95E3381646A68009C1A9F22 /* Pods_Fitness_Challenge.framework in Frameworks */ = {isa = PBXBuildFile; fileRef = 83A947D91524FCF6F205C40D /* Pods_Fitness_Challenge.framework */; };
/* End PBXBuildFile section */

/* Begin PBXContainerItemProxy section */
		BAAB85461BC66DB5000D0DB1 /* PBXContainerItemProxy */ = {
			isa = PBXContainerItemProxy;
			containerPortal = BAAB85291BC66DB5000D0DB1 /* Project object */;
			proxyType = 1;
			remoteGlobalIDString = BAAB85301BC66DB5000D0DB1;
			remoteInfo = "Fitness Challenge";
		};
		BAAB85511BC66DB5000D0DB1 /* PBXContainerItemProxy */ = {
			isa = PBXContainerItemProxy;
			containerPortal = BAAB85291BC66DB5000D0DB1 /* Project object */;
			proxyType = 1;
			remoteGlobalIDString = BAAB85301BC66DB5000D0DB1;
			remoteInfo = "Fitness Challenge";
		};
/* End PBXContainerItemProxy section */

/* Begin PBXFileReference section */
		3D95CBC89265206EC14AA29D /* Pods-Fitness Challenge.release.xcconfig */ = {isa = PBXFileReference; includeInIndex = 1; lastKnownFileType = text.xcconfig; name = "Pods-Fitness Challenge.release.xcconfig"; path = "Pods/Target Support Files/Pods-Fitness Challenge/Pods-Fitness Challenge.release.xcconfig"; sourceTree = "<group>"; };
		4F170690581BD77D210D179E /* Pods-Fitness ChallengeUITests.release.xcconfig */ = {isa = PBXFileReference; includeInIndex = 1; lastKnownFileType = text.xcconfig; name = "Pods-Fitness ChallengeUITests.release.xcconfig"; path = "Pods/Target Support Files/Pods-Fitness ChallengeUITests/Pods-Fitness ChallengeUITests.release.xcconfig"; sourceTree = "<group>"; };
		83A947D91524FCF6F205C40D /* Pods_Fitness_Challenge.framework */ = {isa = PBXFileReference; explicitFileType = wrapper.framework; includeInIndex = 0; path = Pods_Fitness_Challenge.framework; sourceTree = BUILT_PRODUCTS_DIR; };
		BA05DAFB1BCE156D003F64AA /* ErrorView.swift */ = {isa = PBXFileReference; fileEncoding = 4; lastKnownFileType = sourcecode.swift; name = ErrorView.swift; path = Views/ErrorView.swift; sourceTree = "<group>"; };
		BA05DAFE1BCE15DA003F64AA /* LoadingView.swift */ = {isa = PBXFileReference; fileEncoding = 4; lastKnownFileType = sourcecode.swift; name = LoadingView.swift; path = Views/LoadingView.swift; sourceTree = "<group>"; };
		BA63E2611BCCC28600DD59F4 /* LogModel.swift */ = {isa = PBXFileReference; fileEncoding = 4; lastKnownFileType = sourcecode.swift; name = LogModel.swift; path = Models/LogModel.swift; sourceTree = "<group>"; };
		BAAB85311BC66DB5000D0DB1 /* Fitness Challenge.app */ = {isa = PBXFileReference; explicitFileType = wrapper.application; includeInIndex = 0; path = "Fitness Challenge.app"; sourceTree = BUILT_PRODUCTS_DIR; };
		BAAB85341BC66DB5000D0DB1 /* AppDelegate.swift */ = {isa = PBXFileReference; lastKnownFileType = sourcecode.swift; path = AppDelegate.swift; sourceTree = "<group>"; };
		BAAB85361BC66DB5000D0DB1 /* ViewController.swift */ = {isa = PBXFileReference; lastKnownFileType = sourcecode.swift; path = ViewController.swift; sourceTree = "<group>"; };
		BAAB85391BC66DB5000D0DB1 /* Base */ = {isa = PBXFileReference; lastKnownFileType = file.storyboard; name = Base; path = Base.lproj/Main.storyboard; sourceTree = "<group>"; };
		BAAB853B1BC66DB5000D0DB1 /* Assets.xcassets */ = {isa = PBXFileReference; lastKnownFileType = folder.assetcatalog; path = Assets.xcassets; sourceTree = "<group>"; };
		BAAB853E1BC66DB5000D0DB1 /* Base */ = {isa = PBXFileReference; lastKnownFileType = file.storyboard; name = Base; path = Base.lproj/LaunchScreen.storyboard; sourceTree = "<group>"; };
		BAAB85401BC66DB5000D0DB1 /* Info.plist */ = {isa = PBXFileReference; lastKnownFileType = text.plist.xml; path = Info.plist; sourceTree = "<group>"; };
		BAAB85451BC66DB5000D0DB1 /* Fitness ChallengeTests.xctest */ = {isa = PBXFileReference; explicitFileType = wrapper.cfbundle; includeInIndex = 0; path = "Fitness ChallengeTests.xctest"; sourceTree = BUILT_PRODUCTS_DIR; };
		BAAB85491BC66DB5000D0DB1 /* Fitness_ChallengeTests.swift */ = {isa = PBXFileReference; lastKnownFileType = sourcecode.swift; path = Fitness_ChallengeTests.swift; sourceTree = "<group>"; };
		BAAB854B1BC66DB5000D0DB1 /* Info.plist */ = {isa = PBXFileReference; lastKnownFileType = text.plist.xml; path = Info.plist; sourceTree = "<group>"; };
		BAAB85501BC66DB5000D0DB1 /* Fitness ChallengeUITests.xctest */ = {isa = PBXFileReference; explicitFileType = wrapper.cfbundle; includeInIndex = 0; path = "Fitness ChallengeUITests.xctest"; sourceTree = BUILT_PRODUCTS_DIR; };
		BAAB85541BC66DB5000D0DB1 /* Fitness_ChallengeUITests.swift */ = {isa = PBXFileReference; lastKnownFileType = sourcecode.swift; path = Fitness_ChallengeUITests.swift; sourceTree = "<group>"; };
		BAAB85561BC66DB5000D0DB1 /* Info.plist */ = {isa = PBXFileReference; lastKnownFileType = text.plist.xml; path = Info.plist; sourceTree = "<group>"; };
		BAAB856E1BC67500000D0DB1 /* AppearanceController.swift */ = {isa = PBXFileReference; fileEncoding = 4; lastKnownFileType = sourcecode.swift; name = AppearanceController.swift; path = Controllers/AppearanceController.swift; sourceTree = "<group>"; };
		BAAB85751BC67601000D0DB1 /* ActivityNavController.swift */ = {isa = PBXFileReference; fileEncoding = 4; lastKnownFileType = sourcecode.swift; name = ActivityNavController.swift; path = Controllers/ActivityNavController.swift; sourceTree = "<group>"; };
		BAAB85771BC68D43000D0DB1 /* ActivityViewController.swift */ = {isa = PBXFileReference; fileEncoding = 4; lastKnownFileType = sourcecode.swift; name = ActivityViewController.swift; path = Controllers/ActivityViewController.swift; sourceTree = "<group>"; };
		BAAB85791BC737E8000D0DB1 /* ActivityModel.swift */ = {isa = PBXFileReference; fileEncoding = 4; lastKnownFileType = sourcecode.swift; name = ActivityModel.swift; path = Models/ActivityModel.swift; sourceTree = "<group>"; };
		BABDDC091BD6066900E09873 /* FitnessChallenge-Bridging-Header.h */ = {isa = PBXFileReference; lastKnownFileType = sourcecode.c.h; path = "FitnessChallenge-Bridging-Header.h"; sourceTree = "<group>"; };
		D0DD43FD9124830238ADF487 /* Pods-Fitness ChallengeUITests.debug.xcconfig */ = {isa = PBXFileReference; includeInIndex = 1; lastKnownFileType = text.xcconfig; name = "Pods-Fitness ChallengeUITests.debug.xcconfig"; path = "Pods/Target Support Files/Pods-Fitness ChallengeUITests/Pods-Fitness ChallengeUITests.debug.xcconfig"; sourceTree = "<group>"; };
		D84008AE258EC65C2B643795 /* Pods_Fitness_ChallengeTests.framework */ = {isa = PBXFileReference; explicitFileType = wrapper.framework; includeInIndex = 0; path = Pods_Fitness_ChallengeTests.framework; sourceTree = BUILT_PRODUCTS_DIR; };
		E0802A4D30EFE67354FD8D42 /* Pods_Fitness_ChallengeUITests.framework */ = {isa = PBXFileReference; explicitFileType = wrapper.framework; includeInIndex = 0; path = Pods_Fitness_ChallengeUITests.framework; sourceTree = BUILT_PRODUCTS_DIR; };
		E3F0315194ABED0BC27A30CD /* Pods-Fitness ChallengeTests.debug.xcconfig */ = {isa = PBXFileReference; includeInIndex = 1; lastKnownFileType = text.xcconfig; name = "Pods-Fitness ChallengeTests.debug.xcconfig"; path = "Pods/Target Support Files/Pods-Fitness ChallengeTests/Pods-Fitness ChallengeTests.debug.xcconfig"; sourceTree = "<group>"; };
		E65778E49BBB498969D989A0 /* Pods-Fitness ChallengeTests.release.xcconfig */ = {isa = PBXFileReference; includeInIndex = 1; lastKnownFileType = text.xcconfig; name = "Pods-Fitness ChallengeTests.release.xcconfig"; path = "Pods/Target Support Files/Pods-Fitness ChallengeTests/Pods-Fitness ChallengeTests.release.xcconfig"; sourceTree = "<group>"; };
		F542D93FE89C370CFE26BBC2 /* Pods-Fitness Challenge.debug.xcconfig */ = {isa = PBXFileReference; includeInIndex = 1; lastKnownFileType = text.xcconfig; name = "Pods-Fitness Challenge.debug.xcconfig"; path = "Pods/Target Support Files/Pods-Fitness Challenge/Pods-Fitness Challenge.debug.xcconfig"; sourceTree = "<group>"; };
/* End PBXFileReference section */

/* Begin PBXFrameworksBuildPhase section */
		BAAB852E1BC66DB5000D0DB1 /* Frameworks */ = {
			isa = PBXFrameworksBuildPhase;
			buildActionMask = 2147483647;
			files = (
				E95E3381646A68009C1A9F22 /* Pods_Fitness_Challenge.framework in Frameworks */,
			);
			runOnlyForDeploymentPostprocessing = 0;
		};
		BAAB85421BC66DB5000D0DB1 /* Frameworks */ = {
			isa = PBXFrameworksBuildPhase;
			buildActionMask = 2147483647;
			files = (
				180DF06BB66A7CC7AD13EEC7 /* Pods_Fitness_ChallengeTests.framework in Frameworks */,
			);
			runOnlyForDeploymentPostprocessing = 0;
		};
		BAAB854D1BC66DB5000D0DB1 /* Frameworks */ = {
			isa = PBXFrameworksBuildPhase;
			buildActionMask = 2147483647;
			files = (
				850DAB214F95AE076BD8D42B /* Pods_Fitness_ChallengeUITests.framework in Frameworks */,
			);
			runOnlyForDeploymentPostprocessing = 0;
		};
/* End PBXFrameworksBuildPhase section */

/* Begin PBXGroup section */
		3BD5630CA552B6B713BD0E83 /* Frameworks */ = {
			isa = PBXGroup;
			children = (
				83A947D91524FCF6F205C40D /* Pods_Fitness_Challenge.framework */,
				D84008AE258EC65C2B643795 /* Pods_Fitness_ChallengeTests.framework */,
				E0802A4D30EFE67354FD8D42 /* Pods_Fitness_ChallengeUITests.framework */,
			);
			name = Frameworks;
			sourceTree = "<group>";
		};
		83DE1D69A924592683F1A394 /* Pods */ = {
			isa = PBXGroup;
			children = (
				F542D93FE89C370CFE26BBC2 /* Pods-Fitness Challenge.debug.xcconfig */,
				3D95CBC89265206EC14AA29D /* Pods-Fitness Challenge.release.xcconfig */,
				E3F0315194ABED0BC27A30CD /* Pods-Fitness ChallengeTests.debug.xcconfig */,
				E65778E49BBB498969D989A0 /* Pods-Fitness ChallengeTests.release.xcconfig */,
				D0DD43FD9124830238ADF487 /* Pods-Fitness ChallengeUITests.debug.xcconfig */,
				4F170690581BD77D210D179E /* Pods-Fitness ChallengeUITests.release.xcconfig */,
			);
			name = Pods;
			sourceTree = "<group>";
		};
		BA05DAFD1BCE159D003F64AA /* Views */ = {
			isa = PBXGroup;
			children = (
				BA05DAFE1BCE15DA003F64AA /* LoadingView.swift */,
				BA05DAFB1BCE156D003F64AA /* ErrorView.swift */,
			);
			name = Views;
			sourceTree = "<group>";
		};
		BAAB85281BC66DB5000D0DB1 = {
			isa = PBXGroup;
			children = (
				BAAB85331BC66DB5000D0DB1 /* Fitness Challenge */,
				BAAB85481BC66DB5000D0DB1 /* Fitness ChallengeTests */,
				BAAB85531BC66DB5000D0DB1 /* Fitness ChallengeUITests */,
				BAAB85321BC66DB5000D0DB1 /* Products */,
				83DE1D69A924592683F1A394 /* Pods */,
				3BD5630CA552B6B713BD0E83 /* Frameworks */,
			);
			sourceTree = "<group>";
		};
		BAAB85321BC66DB5000D0DB1 /* Products */ = {
			isa = PBXGroup;
			children = (
				BAAB85311BC66DB5000D0DB1 /* Fitness Challenge.app */,
				BAAB85451BC66DB5000D0DB1 /* Fitness ChallengeTests.xctest */,
				BAAB85501BC66DB5000D0DB1 /* Fitness ChallengeUITests.xctest */,
			);
			name = Products;
			sourceTree = "<group>";
		};
		BAAB85331BC66DB5000D0DB1 /* Fitness Challenge */ = {
			isa = PBXGroup;
			children = (
				BAAB85701BC6752E000D0DB1 /* Helpers */,
				BAAB85671BC6741A000D0DB1 /* Models */,
				BA05DAFD1BCE159D003F64AA /* Views */,
				BAAB85661BC6736B000D0DB1 /* Controllers */,
				BAAB85341BC66DB5000D0DB1 /* AppDelegate.swift */,
				BAAB85361BC66DB5000D0DB1 /* ViewController.swift */,
				BAAB85381BC66DB5000D0DB1 /* Main.storyboard */,
				BAAB853B1BC66DB5000D0DB1 /* Assets.xcassets */,
				BAAB853D1BC66DB5000D0DB1 /* LaunchScreen.storyboard */,
				BAAB85401BC66DB5000D0DB1 /* Info.plist */,
				BABDDC091BD6066900E09873 /* FitnessChallenge-Bridging-Header.h */,
			);
			path = "Fitness Challenge";
			sourceTree = "<group>";
		};
		BAAB85481BC66DB5000D0DB1 /* Fitness ChallengeTests */ = {
			isa = PBXGroup;
			children = (
				BAAB85491BC66DB5000D0DB1 /* Fitness_ChallengeTests.swift */,
				BAAB854B1BC66DB5000D0DB1 /* Info.plist */,
			);
			path = "Fitness ChallengeTests";
			sourceTree = "<group>";
		};
		BAAB85531BC66DB5000D0DB1 /* Fitness ChallengeUITests */ = {
			isa = PBXGroup;
			children = (
				BAAB85541BC66DB5000D0DB1 /* Fitness_ChallengeUITests.swift */,
				BAAB85561BC66DB5000D0DB1 /* Info.plist */,
			);
			path = "Fitness ChallengeUITests";
			sourceTree = "<group>";
		};
		BAAB85661BC6736B000D0DB1 /* Controllers */ = {
			isa = PBXGroup;
			children = (
				BAAB856E1BC67500000D0DB1 /* AppearanceController.swift */,
				BAAB85751BC67601000D0DB1 /* ActivityNavController.swift */,
				BAAB85771BC68D43000D0DB1 /* ActivityViewController.swift */,
			);
			name = Controllers;
			sourceTree = "<group>";
		};
		BAAB85671BC6741A000D0DB1 /* Models */ = {
			isa = PBXGroup;
			children = (
				BAAB85791BC737E8000D0DB1 /* ActivityModel.swift */,
				BA63E2611BCCC28600DD59F4 /* LogModel.swift */,
			);
			name = Models;
			sourceTree = "<group>";
		};
		BAAB85701BC6752E000D0DB1 /* Helpers */ = {
			isa = PBXGroup;
			children = (
			);
			name = Helpers;
			sourceTree = "<group>";
		};
/* End PBXGroup section */

/* Begin PBXNativeTarget section */
		BAAB85301BC66DB5000D0DB1 /* Fitness Challenge */ = {
			isa = PBXNativeTarget;
			buildConfigurationList = BAAB85591BC66DB5000D0DB1 /* Build configuration list for PBXNativeTarget "Fitness Challenge" */;
			buildPhases = (
				CAB45172B7EF1718E1DAFF4D /* [CP] Check Pods Manifest.lock */,
				BAAB852D1BC66DB5000D0DB1 /* Sources */,
				BAAB852E1BC66DB5000D0DB1 /* Frameworks */,
				BAAB852F1BC66DB5000D0DB1 /* Resources */,
				CDFD7DDD17AB5B35F1941744 /* [CP] Embed Pods Frameworks */,
				9CF83C420642E6C670A8D865 /* [CP] Copy Pods Resources */,
			);
			buildRules = (
			);
			dependencies = (
			);
			name = "Fitness Challenge";
			productName = "Fitness Challenge";
			productReference = BAAB85311BC66DB5000D0DB1 /* Fitness Challenge.app */;
			productType = "com.apple.product-type.application";
		};
		BAAB85441BC66DB5000D0DB1 /* Fitness ChallengeTests */ = {
			isa = PBXNativeTarget;
			buildConfigurationList = BAAB855C1BC66DB5000D0DB1 /* Build configuration list for PBXNativeTarget "Fitness ChallengeTests" */;
			buildPhases = (
				EE139A926EC403E674384907 /* [CP] Check Pods Manifest.lock */,
				BAAB85411BC66DB5000D0DB1 /* Sources */,
				BAAB85421BC66DB5000D0DB1 /* Frameworks */,
				BAAB85431BC66DB5000D0DB1 /* Resources */,
				053D5686673734D762608C77 /* [CP] Embed Pods Frameworks */,
				11C6ED8C9FE220562263C12A /* [CP] Copy Pods Resources */,
			);
			buildRules = (
			);
			dependencies = (
				BAAB85471BC66DB5000D0DB1 /* PBXTargetDependency */,
			);
			name = "Fitness ChallengeTests";
			productName = "Fitness ChallengeTests";
			productReference = BAAB85451BC66DB5000D0DB1 /* Fitness ChallengeTests.xctest */;
			productType = "com.apple.product-type.bundle.unit-test";
		};
		BAAB854F1BC66DB5000D0DB1 /* Fitness ChallengeUITests */ = {
			isa = PBXNativeTarget;
			buildConfigurationList = BAAB855F1BC66DB5000D0DB1 /* Build configuration list for PBXNativeTarget "Fitness ChallengeUITests" */;
			buildPhases = (
				0DA96560AB5C2897B4E5F4B3 /* [CP] Check Pods Manifest.lock */,
				BAAB854C1BC66DB5000D0DB1 /* Sources */,
				BAAB854D1BC66DB5000D0DB1 /* Frameworks */,
				BAAB854E1BC66DB5000D0DB1 /* Resources */,
				99B0EB733A92A6F6C235154F /* [CP] Copy Pods Resources */,
			);
			buildRules = (
			);
			dependencies = (
				BAAB85521BC66DB5000D0DB1 /* PBXTargetDependency */,
			);
			name = "Fitness ChallengeUITests";
			productName = "Fitness ChallengeUITests";
			productReference = BAAB85501BC66DB5000D0DB1 /* Fitness ChallengeUITests.xctest */;
			productType = "com.apple.product-type.bundle.ui-testing";
		};
/* End PBXNativeTarget section */

/* Begin PBXProject section */
		BAAB85291BC66DB5000D0DB1 /* Project object */ = {
			isa = PBXProject;
			attributes = {
				LastSwiftMigration = 0710;
				LastUpgradeCheck = 0700;
				ORGANIZATIONNAME = "Kieran Andrews";
				TargetAttributes = {
					BAAB85301BC66DB5000D0DB1 = {
						CreatedOnToolsVersion = 7.0.1;
						DevelopmentTeam = B847G6MNRW;
						SystemCapabilities = {
							com.apple.DataProtection = {
								enabled = 1;
							};
							com.apple.Push = {
								enabled = 1;
							};
						};
					};
					BAAB85441BC66DB5000D0DB1 = {
						CreatedOnToolsVersion = 7.0.1;
						TestTargetID = BAAB85301BC66DB5000D0DB1;
					};
					BAAB854F1BC66DB5000D0DB1 = {
						CreatedOnToolsVersion = 7.0.1;
						TestTargetID = BAAB85301BC66DB5000D0DB1;
					};
				};
			};
			buildConfigurationList = BAAB852C1BC66DB5000D0DB1 /* Build configuration list for PBXProject "Fitness Challenge" */;
			compatibilityVersion = "Xcode 3.2";
			developmentRegion = English;
			hasScannedForEncodings = 0;
			knownRegions = (
				en,
				Base,
			);
			mainGroup = BAAB85281BC66DB5000D0DB1;
			productRefGroup = BAAB85321BC66DB5000D0DB1 /* Products */;
			projectDirPath = "";
			projectRoot = "";
			targets = (
				BAAB85301BC66DB5000D0DB1 /* Fitness Challenge */,
				BAAB85441BC66DB5000D0DB1 /* Fitness ChallengeTests */,
				BAAB854F1BC66DB5000D0DB1 /* Fitness ChallengeUITests */,
			);
		};
/* End PBXProject section */

/* Begin PBXResourcesBuildPhase section */
		BAAB852F1BC66DB5000D0DB1 /* Resources */ = {
			isa = PBXResourcesBuildPhase;
			buildActionMask = 2147483647;
			files = (
				BAAB853F1BC66DB5000D0DB1 /* LaunchScreen.storyboard in Resources */,
				BAAB853C1BC66DB5000D0DB1 /* Assets.xcassets in Resources */,
				BAAB853A1BC66DB5000D0DB1 /* Main.storyboard in Resources */,
			);
			runOnlyForDeploymentPostprocessing = 0;
		};
		BAAB85431BC66DB5000D0DB1 /* Resources */ = {
			isa = PBXResourcesBuildPhase;
			buildActionMask = 2147483647;
			files = (
			);
			runOnlyForDeploymentPostprocessing = 0;
		};
		BAAB854E1BC66DB5000D0DB1 /* Resources */ = {
			isa = PBXResourcesBuildPhase;
			buildActionMask = 2147483647;
			files = (
			);
			runOnlyForDeploymentPostprocessing = 0;
		};
/* End PBXResourcesBuildPhase section */

/* Begin PBXShellScriptBuildPhase section */
		053D5686673734D762608C77 /* [CP] Embed Pods Frameworks */ = {
			isa = PBXShellScriptBuildPhase;
			buildActionMask = 2147483647;
			files = (
			);
			inputPaths = (
			);
			name = "[CP] Embed Pods Frameworks";
			outputPaths = (
			);
			runOnlyForDeploymentPostprocessing = 0;
			shellPath = /bin/sh;
			shellScript = "\"${SRCROOT}/Pods/Target Support Files/Pods-Fitness ChallengeTests/Pods-Fitness ChallengeTests-frameworks.sh\"\n";
			showEnvVarsInLog = 0;
		};
		0DA96560AB5C2897B4E5F4B3 /* [CP] Check Pods Manifest.lock */ = {
			isa = PBXShellScriptBuildPhase;
			buildActionMask = 2147483647;
			files = (
			);
			inputPaths = (
			);
			name = "[CP] Check Pods Manifest.lock";
			outputPaths = (
			);
			runOnlyForDeploymentPostprocessing = 0;
			shellPath = /bin/sh;
			shellScript = "diff \"${PODS_ROOT}/../Podfile.lock\" \"${PODS_ROOT}/Manifest.lock\" > /dev/null\nif [[ $? != 0 ]] ; then\n    cat << EOM\nerror: The sandbox is not in sync with the Podfile.lock. Run 'pod install' or update your CocoaPods installation.\nEOM\n    exit 1\nfi\n";
			showEnvVarsInLog = 0;
		};
		11C6ED8C9FE220562263C12A /* [CP] Copy Pods Resources */ = {
			isa = PBXShellScriptBuildPhase;
			buildActionMask = 2147483647;
			files = (
			);
			inputPaths = (
			);
			name = "[CP] Copy Pods Resources";
			outputPaths = (
			);
			runOnlyForDeploymentPostprocessing = 0;
			shellPath = /bin/sh;
			shellScript = "\"${SRCROOT}/Pods/Target Support Files/Pods-Fitness ChallengeTests/Pods-Fitness ChallengeTests-resources.sh\"\n";
			showEnvVarsInLog = 0;
		};
		99B0EB733A92A6F6C235154F /* [CP] Copy Pods Resources */ = {
			isa = PBXShellScriptBuildPhase;
			buildActionMask = 2147483647;
			files = (
			);
			inputPaths = (
			);
			name = "[CP] Copy Pods Resources";
			outputPaths = (
			);
			runOnlyForDeploymentPostprocessing = 0;
			shellPath = /bin/sh;
			shellScript = "\"${SRCROOT}/Pods/Target Support Files/Pods-Fitness ChallengeUITests/Pods-Fitness ChallengeUITests-resources.sh\"\n";
			showEnvVarsInLog = 0;
		};
		9CF83C420642E6C670A8D865 /* [CP] Copy Pods Resources */ = {
			isa = PBXShellScriptBuildPhase;
			buildActionMask = 2147483647;
			files = (
			);
			inputPaths = (
			);
			name = "[CP] Copy Pods Resources";
			outputPaths = (
			);
			runOnlyForDeploymentPostprocessing = 0;
			shellPath = /bin/sh;
			shellScript = "\"${SRCROOT}/Pods/Target Support Files/Pods-Fitness Challenge/Pods-Fitness Challenge-resources.sh\"\n";
			showEnvVarsInLog = 0;
		};
		CAB45172B7EF1718E1DAFF4D /* [CP] Check Pods Manifest.lock */ = {
			isa = PBXShellScriptBuildPhase;
			buildActionMask = 2147483647;
			files = (
			);
			inputPaths = (
			);
			name = "[CP] Check Pods Manifest.lock";
			outputPaths = (
			);
			runOnlyForDeploymentPostprocessing = 0;
			shellPath = /bin/sh;
			shellScript = "diff \"${PODS_ROOT}/../Podfile.lock\" \"${PODS_ROOT}/Manifest.lock\" > /dev/null\nif [[ $? != 0 ]] ; then\n    cat << EOM\nerror: The sandbox is not in sync with the Podfile.lock. Run 'pod install' or update your CocoaPods installation.\nEOM\n    exit 1\nfi\n";
			showEnvVarsInLog = 0;
		};
		CDFD7DDD17AB5B35F1941744 /* [CP] Embed Pods Frameworks */ = {
			isa = PBXShellScriptBuildPhase;
			buildActionMask = 2147483647;
			files = (
			);
			inputPaths = (
			);
			name = "[CP] Embed Pods Frameworks";
			outputPaths = (
			);
			runOnlyForDeploymentPostprocessing = 0;
			shellPath = /bin/sh;
			shellScript = "\"${SRCROOT}/Pods/Target Support Files/Pods-Fitness Challenge/Pods-Fitness Challenge-frameworks.sh\"\n";
			showEnvVarsInLog = 0;
		};
		EE139A926EC403E674384907 /* [CP] Check Pods Manifest.lock */ = {
			isa = PBXShellScriptBuildPhase;
			buildActionMask = 2147483647;
			files = (
			);
			inputPaths = (
			);
			name = "[CP] Check Pods Manifest.lock";
			outputPaths = (
			);
			runOnlyForDeploymentPostprocessing = 0;
			shellPath = /bin/sh;
			shellScript = "diff \"${PODS_ROOT}/../Podfile.lock\" \"${PODS_ROOT}/Manifest.lock\" > /dev/null\nif [[ $? != 0 ]] ; then\n    cat << EOM\nerror: The sandbox is not in sync with the Podfile.lock. Run 'pod install' or update your CocoaPods installation.\nEOM\n    exit 1\nfi\n";
			showEnvVarsInLog = 0;
		};
/* End PBXShellScriptBuildPhase section */

/* Begin PBXSourcesBuildPhase section */
		BAAB852D1BC66DB5000D0DB1 /* Sources */ = {
			isa = PBXSourcesBuildPhase;
			buildActionMask = 2147483647;
			files = (
				BAAB85371BC66DB5000D0DB1 /* ViewController.swift in Sources */,
				BAAB856F1BC67500000D0DB1 /* AppearanceController.swift in Sources */,
				BAAB85761BC67601000D0DB1 /* ActivityNavController.swift in Sources */,
				BA05DAFF1BCE15DA003F64AA /* LoadingView.swift in Sources */,
				BAAB857A1BC737E8000D0DB1 /* ActivityModel.swift in Sources */,
				BAAB85351BC66DB5000D0DB1 /* AppDelegate.swift in Sources */,
				BA05DAFC1BCE156D003F64AA /* ErrorView.swift in Sources */,
				BAAB85781BC68D43000D0DB1 /* ActivityViewController.swift in Sources */,
				BA63E2621BCCC28600DD59F4 /* LogModel.swift in Sources */,
			);
			runOnlyForDeploymentPostprocessing = 0;
		};
		BAAB85411BC66DB5000D0DB1 /* Sources */ = {
			isa = PBXSourcesBuildPhase;
			buildActionMask = 2147483647;
			files = (
				BAAB854A1BC66DB5000D0DB1 /* Fitness_ChallengeTests.swift in Sources */,
			);
			runOnlyForDeploymentPostprocessing = 0;
		};
		BAAB854C1BC66DB5000D0DB1 /* Sources */ = {
			isa = PBXSourcesBuildPhase;
			buildActionMask = 2147483647;
			files = (
				BAAB85551BC66DB5000D0DB1 /* Fitness_ChallengeUITests.swift in Sources */,
			);
			runOnlyForDeploymentPostprocessing = 0;
		};
/* End PBXSourcesBuildPhase section */

/* Begin PBXTargetDependency section */
		BAAB85471BC66DB5000D0DB1 /* PBXTargetDependency */ = {
			isa = PBXTargetDependency;
			target = BAAB85301BC66DB5000D0DB1 /* Fitness Challenge */;
			targetProxy = BAAB85461BC66DB5000D0DB1 /* PBXContainerItemProxy */;
		};
		BAAB85521BC66DB5000D0DB1 /* PBXTargetDependency */ = {
			isa = PBXTargetDependency;
			target = BAAB85301BC66DB5000D0DB1 /* Fitness Challenge */;
			targetProxy = BAAB85511BC66DB5000D0DB1 /* PBXContainerItemProxy */;
		};
/* End PBXTargetDependency section */

/* Begin PBXVariantGroup section */
		BAAB85381BC66DB5000D0DB1 /* Main.storyboard */ = {
			isa = PBXVariantGroup;
			children = (
				BAAB85391BC66DB5000D0DB1 /* Base */,
			);
			name = Main.storyboard;
			sourceTree = "<group>";
		};
		BAAB853D1BC66DB5000D0DB1 /* LaunchScreen.storyboard */ = {
			isa = PBXVariantGroup;
			children = (
				BAAB853E1BC66DB5000D0DB1 /* Base */,
			);
			name = LaunchScreen.storyboard;
			sourceTree = "<group>";
		};
/* End PBXVariantGroup section */

/* Begin XCBuildConfiguration section */
		BAAB85571BC66DB5000D0DB1 /* Debug */ = {
			isa = XCBuildConfiguration;
			buildSettings = {
				ALWAYS_SEARCH_USER_PATHS = NO;
				CLANG_CXX_LANGUAGE_STANDARD = "gnu++0x";
				CLANG_CXX_LIBRARY = "libc++";
				CLANG_ENABLE_MODULES = YES;
				CLANG_ENABLE_OBJC_ARC = YES;
				CLANG_WARN_BOOL_CONVERSION = YES;
				CLANG_WARN_CONSTANT_CONVERSION = YES;
				CLANG_WARN_DIRECT_OBJC_ISA_USAGE = YES_ERROR;
				CLANG_WARN_EMPTY_BODY = YES;
				CLANG_WARN_ENUM_CONVERSION = YES;
				CLANG_WARN_INT_CONVERSION = YES;
				CLANG_WARN_OBJC_ROOT_CLASS = YES_ERROR;
				CLANG_WARN_UNREACHABLE_CODE = YES;
				CLANG_WARN__DUPLICATE_METHOD_MATCH = YES;
				"CODE_SIGN_IDENTITY[sdk=iphoneos*]" = "iPhone Developer";
				COPY_PHASE_STRIP = NO;
				DEBUG_INFORMATION_FORMAT = dwarf;
				ENABLE_STRICT_OBJC_MSGSEND = YES;
				ENABLE_TESTABILITY = YES;
				GCC_C_LANGUAGE_STANDARD = gnu99;
				GCC_DYNAMIC_NO_PIC = NO;
				GCC_NO_COMMON_BLOCKS = YES;
				GCC_OPTIMIZATION_LEVEL = 0;
				GCC_PREPROCESSOR_DEFINITIONS = (
					"DEBUG=1",
					"$(inherited)",
				);
				GCC_WARN_64_TO_32_BIT_CONVERSION = YES;
				GCC_WARN_ABOUT_RETURN_TYPE = YES_ERROR;
				GCC_WARN_UNDECLARED_SELECTOR = YES;
				GCC_WARN_UNINITIALIZED_AUTOS = YES_AGGRESSIVE;
				GCC_WARN_UNUSED_FUNCTION = YES;
				GCC_WARN_UNUSED_VARIABLE = YES;
				IPHONEOS_DEPLOYMENT_TARGET = 8.0;
				MTL_ENABLE_DEBUG_INFO = YES;
				ONLY_ACTIVE_ARCH = YES;
				SDKROOT = iphoneos;
				SWIFT_OPTIMIZATION_LEVEL = "-Onone";
				TARGETED_DEVICE_FAMILY = "1,2";
			};
			name = Debug;
		};
		BAAB85581BC66DB5000D0DB1 /* Release */ = {
			isa = XCBuildConfiguration;
			buildSettings = {
				ALWAYS_SEARCH_USER_PATHS = NO;
				CLANG_CXX_LANGUAGE_STANDARD = "gnu++0x";
				CLANG_CXX_LIBRARY = "libc++";
				CLANG_ENABLE_MODULES = YES;
				CLANG_ENABLE_OBJC_ARC = YES;
				CLANG_WARN_BOOL_CONVERSION = YES;
				CLANG_WARN_CONSTANT_CONVERSION = YES;
				CLANG_WARN_DIRECT_OBJC_ISA_USAGE = YES_ERROR;
				CLANG_WARN_EMPTY_BODY = YES;
				CLANG_WARN_ENUM_CONVERSION = YES;
				CLANG_WARN_INT_CONVERSION = YES;
				CLANG_WARN_OBJC_ROOT_CLASS = YES_ERROR;
				CLANG_WARN_UNREACHABLE_CODE = YES;
				CLANG_WARN__DUPLICATE_METHOD_MATCH = YES;
				"CODE_SIGN_IDENTITY[sdk=iphoneos*]" = "iPhone Developer";
				COPY_PHASE_STRIP = NO;
				DEBUG_INFORMATION_FORMAT = "dwarf-with-dsym";
				ENABLE_NS_ASSERTIONS = NO;
				ENABLE_STRICT_OBJC_MSGSEND = YES;
				GCC_C_LANGUAGE_STANDARD = gnu99;
				GCC_NO_COMMON_BLOCKS = YES;
				GCC_WARN_64_TO_32_BIT_CONVERSION = YES;
				GCC_WARN_ABOUT_RETURN_TYPE = YES_ERROR;
				GCC_WARN_UNDECLARED_SELECTOR = YES;
				GCC_WARN_UNINITIALIZED_AUTOS = YES_AGGRESSIVE;
				GCC_WARN_UNUSED_FUNCTION = YES;
				GCC_WARN_UNUSED_VARIABLE = YES;
				IPHONEOS_DEPLOYMENT_TARGET = 8.0;
				MTL_ENABLE_DEBUG_INFO = NO;
				SDKROOT = iphoneos;
				TARGETED_DEVICE_FAMILY = "1,2";
				VALIDATE_PRODUCT = YES;
			};
			name = Release;
		};
		BAAB855A1BC66DB5000D0DB1 /* Debug */ = {
			isa = XCBuildConfiguration;
			baseConfigurationReference = F542D93FE89C370CFE26BBC2 /* Pods-Fitness Challenge.debug.xcconfig */;
			buildSettings = {
				ASSETCATALOG_COMPILER_APPICON_NAME = AppIcon;
				CODE_SIGN_IDENTITY = "iPhone Developer";
				"CODE_SIGN_IDENTITY[sdk=iphoneos*]" = "iPhone Developer";
				INFOPLIST_FILE = "Fitness Challenge/Info.plist";
				IPHONEOS_DEPLOYMENT_TARGET = 8.0;
				LD_RUNPATH_SEARCH_PATHS = "$(inherited) @executable_path/Frameworks";
				PRODUCT_BUNDLE_IDENTIFIER = "com.kieran.Fitness-Challenge";
				PRODUCT_NAME = "$(TARGET_NAME)";
				PROVISIONING_PROFILE = "";
				SWIFT_OBJC_BRIDGING_HEADER = "Fitness Challenge/FitnessChallenge-Bridging-Header.h";
			};
			name = Debug;
		};
		BAAB855B1BC66DB5000D0DB1 /* Release */ = {
			isa = XCBuildConfiguration;
			baseConfigurationReference = 3D95CBC89265206EC14AA29D /* Pods-Fitness Challenge.release.xcconfig */;
			buildSettings = {
				ASSETCATALOG_COMPILER_APPICON_NAME = AppIcon;
				CODE_SIGN_IDENTITY = "iPhone Developer";
				"CODE_SIGN_IDENTITY[sdk=iphoneos*]" = "iPhone Developer";
				INFOPLIST_FILE = "Fitness Challenge/Info.plist";
				IPHONEOS_DEPLOYMENT_TARGET = 8.0;
				LD_RUNPATH_SEARCH_PATHS = "$(inherited) @executable_path/Frameworks";
				PRODUCT_BUNDLE_IDENTIFIER = "com.kieran.Fitness-Challenge";
				PRODUCT_NAME = "$(TARGET_NAME)";
				PROVISIONING_PROFILE = "";
				SWIFT_OBJC_BRIDGING_HEADER = "Fitness Challenge/FitnessChallenge-Bridging-Header.h";
			};
			name = Release;
		};
		BAAB855D1BC66DB5000D0DB1 /* Debug */ = {
			isa = XCBuildConfiguration;
			baseConfigurationReference = E3F0315194ABED0BC27A30CD /* Pods-Fitness ChallengeTests.debug.xcconfig */;
			buildSettings = {
				BUNDLE_LOADER = "$(TEST_HOST)";
				INFOPLIST_FILE = "Fitness ChallengeTests/Info.plist";
				LD_RUNPATH_SEARCH_PATHS = "$(inherited) @executable_path/Frameworks @loader_path/Frameworks";
				PRODUCT_BUNDLE_IDENTIFIER = "com.kieran.Fitness-ChallengeTests";
				PRODUCT_NAME = "$(TARGET_NAME)";
				TEST_HOST = "$(BUILT_PRODUCTS_DIR)/Fitness Challenge.app/Fitness Challenge";
			};
			name = Debug;
		};
		BAAB855E1BC66DB5000D0DB1 /* Release */ = {
			isa = XCBuildConfiguration;
			baseConfigurationReference = E65778E49BBB498969D989A0 /* Pods-Fitness ChallengeTests.release.xcconfig */;
			buildSettings = {
				BUNDLE_LOADER = "$(TEST_HOST)";
				INFOPLIST_FILE = "Fitness ChallengeTests/Info.plist";
				LD_RUNPATH_SEARCH_PATHS = "$(inherited) @executable_path/Frameworks @loader_path/Frameworks";
				PRODUCT_BUNDLE_IDENTIFIER = "com.kieran.Fitness-ChallengeTests";
				PRODUCT_NAME = "$(TARGET_NAME)";
				TEST_HOST = "$(BUILT_PRODUCTS_DIR)/Fitness Challenge.app/Fitness Challenge";
			};
			name = Release;
		};
		BAAB85601BC66DB5000D0DB1 /* Debug */ = {
			isa = XCBuildConfiguration;
			baseConfigurationReference = D0DD43FD9124830238ADF487 /* Pods-Fitness ChallengeUITests.debug.xcconfig */;
			buildSettings = {
				INFOPLIST_FILE = "Fitness ChallengeUITests/Info.plist";
				LD_RUNPATH_SEARCH_PATHS = "$(inherited) @executable_path/Frameworks @loader_path/Frameworks";
				PRODUCT_BUNDLE_IDENTIFIER = "com.kieran.Fitness-ChallengeUITests";
				PRODUCT_NAME = "$(TARGET_NAME)";
				TEST_TARGET_NAME = "Fitness Challenge";
				USES_XCTRUNNER = YES;
			};
			name = Debug;
		};
		BAAB85611BC66DB5000D0DB1 /* Release */ = {
			isa = XCBuildConfiguration;
			baseConfigurationReference = 4F170690581BD77D210D179E /* Pods-Fitness ChallengeUITests.release.xcconfig */;
			buildSettings = {
				INFOPLIST_FILE = "Fitness ChallengeUITests/Info.plist";
				LD_RUNPATH_SEARCH_PATHS = "$(inherited) @executable_path/Frameworks @loader_path/Frameworks";
				PRODUCT_BUNDLE_IDENTIFIER = "com.kieran.Fitness-ChallengeUITests";
				PRODUCT_NAME = "$(TARGET_NAME)";
				TEST_TARGET_NAME = "Fitness Challenge";
				USES_XCTRUNNER = YES;
			};
			name = Release;
		};
/* End XCBuildConfiguration section */

/* Begin XCConfigurationList section */
		BAAB852C1BC66DB5000D0DB1 /* Build configuration list for PBXProject "Fitness Challenge" */ = {
			isa = XCConfigurationList;
			buildConfigurations = (
				BAAB85571BC66DB5000D0DB1 /* Debug */,
				BAAB85581BC66DB5000D0DB1 /* Release */,
			);
			defaultConfigurationIsVisible = 0;
			defaultConfigurationName = Release;
		};
		BAAB85591BC66DB5000D0DB1 /* Build configuration list for PBXNativeTarget "Fitness Challenge" */ = {
			isa = XCConfigurationList;
			buildConfigurations = (
				BAAB855A1BC66DB5000D0DB1 /* Debug */,
				BAAB855B1BC66DB5000D0DB1 /* Release */,
			);
			defaultConfigurationIsVisible = 0;
			defaultConfigurationName = Release;
		};
		BAAB855C1BC66DB5000D0DB1 /* Build configuration list for PBXNativeTarget "Fitness ChallengeTests" */ = {
			isa = XCConfigurationList;
			buildConfigurations = (
				BAAB855D1BC66DB5000D0DB1 /* Debug */,
				BAAB855E1BC66DB5000D0DB1 /* Release */,
			);
			defaultConfigurationIsVisible = 0;
			defaultConfigurationName = Release;
		};
		BAAB855F1BC66DB5000D0DB1 /* Build configuration list for PBXNativeTarget "Fitness ChallengeUITests" */ = {
			isa = XCConfigurationList;
			buildConfigurations = (
				BAAB85601BC66DB5000D0DB1 /* Debug */,
				BAAB85611BC66DB5000D0DB1 /* Release */,
			);
			defaultConfigurationIsVisible = 0;
			defaultConfigurationName = Release;
		};
/* End XCConfigurationList section */
	};
	rootObject = BAAB85291BC66DB5000D0DB1 /* Project object */;
}
